
Microsoft Visual Studio Solution File, Format Version 12.00
# Visual Studio Version 17
VisualStudioVersion = 17.11.35222.181
MinimumVisualStudioVersion = 10.0.40219.1
Project("{9A19103F-16F7-4668-BE54-9A1E7A4F7556}") = "PhoneConsoleApp", "PhoneConsoleApp\PhoneConsoleApp.csproj", "{DFC59748-160F-4799-862B-F01F4CBD6382}"
EndProject
Project("{FAE04EC0-301F-11D3-BF4B-00C04F79EFBC}") = "TestProjectPhone-lab1", "TestProjectPhone-lab1\TestProjectPhone-lab1.csproj", "{8D727A97-0D79-424E-86DE-049C8620B500}"
EndProject
Global
	GlobalSection(SolutionConfigurationPlatforms) = preSolution
		Debug|Any CPU = Debug|Any CPU
		Release|Any CPU = Release|Any CPU
	EndGlobalSection
	GlobalSection(ProjectConfigurationPlatforms) = postSolution
		{DFC59748-160F-4799-862B-F01F4CBD6382}.Debug|Any CPU.ActiveCfg = Debug|Any CPU
		{DFC59748-160F-4799-862B-F01F4CBD6382}.Debug|Any CPU.Build.0 = Debug|Any CPU
		{DFC59748-160F-4799-862B-F01F4CBD6382}.Release|Any CPU.ActiveCfg = Release|Any CPU
		{DFC59748-160F-4799-862B-F01F4CBD6382}.Release|Any CPU.Build.0 = Release|Any CPU
		{8D727A97-0D79-424E-86DE-049C8620B500}.Debug|Any CPU.ActiveCfg = Debug|Any CPU
		{8D727A97-0D79-424E-86DE-049C8620B500}.Debug|Any CPU.Build.0 = Debug|Any CPU
		{8D727A97-0D79-424E-86DE-049C8620B500}.Release|Any CPU.ActiveCfg = Release|Any CPU
		{8D727A97-0D79-424E-86DE-049C8620B500}.Release|Any CPU.Build.0 = Release|Any CPU
	EndGlobalSection
	GlobalSection(SolutionProperties) = preSolution
		HideSolutionNode = FALSE
	EndGlobalSection
	GlobalSection(ExtensibilityGlobals) = postSolution
		SolutionGuid = {B854136E-3C9B-4F9C-B52D-F25F2414066F}
	EndGlobalSection
EndGlobal
