
Microsoft Visual Studio Solution File, Format Version 12.00
# Visual Studio Version 17
VisualStudioVersion = 17.13.35825.156 d17.13
MinimumVisualStudioVersion = 10.0.40219.1
Project("{FAE04EC0-301F-11D3-BF4B-00C04F79EFBC}") = "ConsoleAppPhone-lab01", "ConsoleAppPhone-lab01.csproj", "{5DBB987D-B133-481F-B9BE-F39CDCC182C5}"
EndProject
Project("{FAE04EC0-301F-11D3-BF4B-00C04F79EFBC}") = "UnitTestPhone", "..\UnitTestPhone\UnitTestPhone.csproj", "{2570480B-564C-482A-88BB-BDCB327D34CF}"
EndProject
Global
	GlobalSection(SolutionConfigurationPlatforms) = preSolution
		Debug|Any CPU = Debug|Any CPU
		Release|Any CPU = Release|Any CPU
	EndGlobalSection
	GlobalSection(ProjectConfigurationPlatforms) = postSolution
		{5DBB987D-B133-481F-B9BE-F39CDCC182C5}.Debug|Any CPU.ActiveCfg = Debug|Any CPU
		{5DBB987D-B133-481F-B9BE-F39CDCC182C5}.Debug|Any CPU.Build.0 = Debug|Any CPU
		{5DBB987D-B133-481F-B9BE-F39CDCC182C5}.Release|Any CPU.ActiveCfg = Release|Any CPU
		{5DBB987D-B133-481F-B9BE-F39CDCC182C5}.Release|Any CPU.Build.0 = Release|Any CPU
		{2570480B-564C-482A-88BB-BDCB327D34CF}.Debug|Any CPU.ActiveCfg = Debug|Any CPU
		{2570480B-564C-482A-88BB-BDCB327D34CF}.Debug|Any CPU.Build.0 = Debug|Any CPU
		{2570480B-564C-482A-88BB-BDCB327D34CF}.Release|Any CPU.ActiveCfg = Release|Any CPU
		{2570480B-564C-482A-88BB-BDCB327D34CF}.Release|Any CPU.Build.0 = Release|Any CPU
	EndGlobalSection
	GlobalSection(SolutionProperties) = preSolution
		HideSolutionNode = FALSE
	EndGlobalSection
	GlobalSection(ExtensibilityGlobals) = postSolution
		SolutionGuid = {6536862E-0AB1-4898-A4F6-253121CA8E8E}
	EndGlobalSection
EndGlobal
